
Microsoft Visual Studio Solution File, Format Version 12.00
# Visual Studio Version 16
VisualStudioVersion = 16.0.31005.135
MinimumVisualStudioVersion = 10.0.40219.1
Project("{9A19103F-16F7-4668-BE54-9A1E7A4F7556}") = "Deckel-Shop", "Deckel-Shop\Deckel-Shop.csproj", "{14C2875D-A671-4DF4-A969-DF0F2EC54381}"
EndProject
Project("{9A19103F-16F7-4668-BE54-9A1E7A4F7556}") = "Database", "Database\Database.csproj", "{CA2008ED-A18B-43B8-B8BA-24CC7FD75D59}"
EndProject
Global
	GlobalSection(SolutionConfigurationPlatforms) = preSolution
		Debug|Any CPU = Debug|Any CPU
		Release|Any CPU = Release|Any CPU
	EndGlobalSection
	GlobalSection(ProjectConfigurationPlatforms) = postSolution
		{14C2875D-A671-4DF4-A969-DF0F2EC54381}.Debug|Any CPU.ActiveCfg = Debug|Any CPU
		{14C2875D-A671-4DF4-A969-DF0F2EC54381}.Debug|Any CPU.Build.0 = Debug|Any CPU
		{14C2875D-A671-4DF4-A969-DF0F2EC54381}.Release|Any CPU.ActiveCfg = Release|Any CPU
		{14C2875D-A671-4DF4-A969-DF0F2EC54381}.Release|Any CPU.Build.0 = Release|Any CPU
		{CA2008ED-A18B-43B8-B8BA-24CC7FD75D59}.Debug|Any CPU.ActiveCfg = Debug|Any CPU
		{CA2008ED-A18B-43B8-B8BA-24CC7FD75D59}.Debug|Any CPU.Build.0 = Debug|Any CPU
		{CA2008ED-A18B-43B8-B8BA-24CC7FD75D59}.Release|Any CPU.ActiveCfg = Release|Any CPU
		{CA2008ED-A18B-43B8-B8BA-24CC7FD75D59}.Release|Any CPU.Build.0 = Release|Any CPU
	EndGlobalSection
	GlobalSection(SolutionProperties) = preSolution
		HideSolutionNode = FALSE
	EndGlobalSection
	GlobalSection(ExtensibilityGlobals) = postSolution
		SolutionGuid = {FF322D20-1927-460E-ACD7-3D143D690540}
	EndGlobalSection
EndGlobal
